[root]
name = "libcgroup"
version = "0.2.0"
dependencies = [
 "libcgroup-sys 0.2.0",
]

[[package]]
name = "libc"
version = "0.2.12"
source = "registry+https://github.com/rust-lang/crates.io-index"

[[package]]
name = "libcgroup-sys"
version = "0.2.0"
dependencies = [
 "libc 0.2.12 (registry+https://github.com/rust-lang/crates.io-index)",
]

